
Microsoft Visual Studio Solution File, Format Version 8.00
# Visual C++ Express 2005
Project("{344077AA-294E-7476-62C4-1FF66D6A8755}") = "Plugin Template1", "Plugin Template1.vcproj", "{CC26CFC9-5EBC-9718-344B-4E7CB7A2A325}"
EndProject
Global
	GlobalSection(SolutionConfigurationPlatforms) = preSolution
		Debug|Win32 = Debug|Win32
		Release|Win32 = Release|Win32
	EndGlobalSection
	GlobalSection(ProjectConfigurationPlatforms) = postSolution
		{CC26CFC9-5EBC-9718-344B-4E7CB7A2A325}.Debug|Win32.ActiveCfg = Debug|Win32
		{CC26CFC9-5EBC-9718-344B-4E7CB7A2A325}.Debug|Win32.Build.0 = Debug|Win32
		{CC26CFC9-5EBC-9718-344B-4E7CB7A2A325}.Release|Win32.ActiveCfg = Release|Win32
		{CC26CFC9-5EBC-9718-344B-4E7CB7A2A325}.Release|Win32.Build.0 = Release|Win32
	EndGlobalSection
	GlobalSection(SolutionProperties) = preSolution
		HideSolutionNode = FALSE
	EndGlobalSection
EndGlobal
